PODS:
  - LFLiveKit (2.6)
  - wxLiveHookLib (0.1.0):
    - LFLiveKit

DEPENDENCIES:
  - wxLiveHookLib (from `../`)

SPEC REPOS:
  https://github.com/cocoapods/specs.git:
    - LFLiveKit

EXTERNAL SOURCES:
  wxLiveHookLib:
    :path: "../"

SPEC CHECKSUMS:
  LFLiveKit: 2219563721f8aa0f188effc3395a06e2d53b23f2
  wxLiveHookLib: bf8974d3279b6cd2e71f29f531f58bdc020b2607

PODFILE CHECKSUM: baeade73c35212df16fecf8053f5034baa814a2c

COCOAPODS: 1.5.3
